github.com/tsuki-reader/nisshoku v0.0.0-20241016194207-85bedc0582fd h1:0/fv5A175PHeXvLzaxKIIt7Vq+sPhBc19tBifW7shBE=
github.com/tsuki-reader/nisshoku v0.0.0-20241016194207-85bedc0582fd/go.mod h1:x5F0SpRVXQ0IdZEF41mZqJz05cfQmX+5ZxaQlxDC2/o=
github.com/tsuki-reader/nisshoku v0.0.0-20241021195013-a7c05447fb6e h1:dgtAFNWRUvuw2A/Rk5REeehIggTd2V9rCu0VL9otG8I=
github.com/tsuki-reader/nisshoku v0.0.0-20241021195013-a7c05447fb6e/go.mod h1:x5F0SpRVXQ0IdZEF41mZqJz05cfQmX+5ZxaQlxDC2/o=
